github.com/Drelf2018/go-bilibili-api v0.0.0-20241228192339-f668448dc29e h1:Mid7P7ux5U2KIeeqj2ewpEZxwosQTU+pi22lEA0Sgfs=
github.com/Drelf2018/go-bilibili-api v0.0.0-20241228192339-f668448dc29e/go.mod h1:N4WhCjNoEfimWVt7zzmRSOKFW7bbOSgGYhYGx5DX9Vw=
github.com/Drelf2018/req v0.0.0-20241228190242-211dafc7423f h1:2lZaBRazfC/s/GpVy51V+5+IBrsRNPRT3uzEDhBYQ90=
github.com/Drelf2018/req v0.0.0-20241228190242-211dafc7423f/go.mod h1:SgQkhv/iD3+Sqvg9KCqiElH7jaXMl4OWGBKHd6MJoCE=
github.com/andybalholm/brotli v1.1.0 h1:eLKJA0d02Lf0mVpIDgYnqXcUn0GqVmEFny3VuID1U3M=
github.com/andybalholm/brotli v1.1.0/go.mod h1:sms7XGricyQI9K10gOSf56VKKWS4oLer58Q+mhRPtnY=
github.com/gorilla/websocket v1.4.2 h1:+/TMaTYc4QFitKJxsQ7Yye35DkWvkdLcvGKqM+x0Ufc=
github.com/gorilla/websocket v1.4.2/go.mod h1:YR8l580nyteQvAITg2hZ9XVh4b55+EU/adAjf1fMHhE=
github.com/tidwall/gjson v1.17.1 h1:wlYEnwqAHgzmhNUFfw7Xalt2JzQvsMx2Se4PcoFCT/U=
github.com/tidwall/gjson v1.17.1/go.mod h1:/wbyibRr2FHMks5tjHJ5F8dMZh3AcwJEMf5vlfC0lxk=
github.com/tidwall/match v1.1.1 h1:+Ho715JplO36QYgwN9PGYNhgZvoUSc9X2c80KVTi+GA=
github.com/tidwall/match v1.1.1/go.mod h1:eRSPERbgtNPcGhD8UCthc6PmLEQXEWd3PRB5JTxsfmM=
github.com/tidwall/pretty v1.2.0 h1:RWIZEg2iJ8/g6fDDYzMpobmaoGh5OLl4AXtGUGPcqCs=
github.com/tidwall/pretty v1.2.0/go.mod h1:ITEVvHYasfjBbM0u2Pg8T2nJnzm8xPwvNhhsoaGGjNU=
